<?xml version="1.0" encoding="utf-8"?>
<Project ToolsVersion="4.0" xmlns="http://schemas.microsoft.com/developer/msbuild/2003">
  <ItemGroup>
    <Filter Include="System">
      <UniqueIdentifier>{5a50cb5a-cfaa-4214-938f-c2de1aaf9f29}</UniqueIdentifier>
    </Filter>
    <Filter Include="Resource">
      <UniqueIdentifier>{5f6f2136-9549-44c2-babb-e64a527fdf6c}</UniqueIdentifier>
    </Filter>
    <Filter Include="Resource\icon">
      <UniqueIdentifier>{3dacd972-5baf-42dd-bc09-29afc788897e}</UniqueIdentifier>
    </Filter>
  </ItemGroup>
  <ItemGroup>
    <ClInclude Include="stdafx.h">
      <Filter>System</Filter>
    </ClInclude>
    <ClInclude Include="targetver.h">
      <Filter>System</Filter>
    </ClInclude>
    <ClInclude Include="resource.h" />
  </ItemGroup>
  <ItemGroup>
    <ClCompile Include="stdafx.cpp">
      <Filter>System</Filter>
    </ClCompile>
    <ClCompile Include="Debianonwindows.cpp" />
  </ItemGroup>
  <ItemGroup>
    <Image Include="..\..\..\..\..\Desktop\images.ico">
      <Filter>Resource\icon</Filter>
    </Image>
  </ItemGroup>
  <ItemGroup>
    <ResourceCompile Include="Debianonwindows.rc">
      <Filter>Resource\icon</Filter>
    </ResourceCompile>
  </ItemGroup>
</Project>